
Microsoft Visual Studio Solution File, Format Version 12.00
# Visual Studio 15
VisualStudioVersion = 15.0.27703.2047
MinimumVisualStudioVersion = 10.0.40219.1
Project("{FAE04EC0-301F-11D3-BF4B-00C04F79EFBC}") = "vistas", "ksrPanel\vistas.csproj", "{00EF289A-3F16-4702-872B-2E350B81138C}"
EndProject
Project("{FAE04EC0-301F-11D3-BF4B-00C04F79EFBC}") = "dominio", "dominio\dominio.csproj", "{D81CE874-7A01-4202-BBD1-FAE2F4745776}"
EndProject
Project("{FAE04EC0-301F-11D3-BF4B-00C04F79EFBC}") = "negocio", "negocio\negocio.csproj", "{BCB19B74-BFCE-4ECE-9462-AF5726ABE723}"
EndProject
Project("{2150E333-8FDC-42A3-9474-1A3956D46DE8}") = "Solution Items", "Solution Items", "{C8ED5AD4-6E0A-47FA-807A-026B50B72865}"
	ProjectSection(SolutionItems) = preProject
		ScriptDB.sql = ScriptDB.sql
	EndProjectSection
EndProject
Global
	GlobalSection(SolutionConfigurationPlatforms) = preSolution
		Debug|Any CPU = Debug|Any CPU
		Release|Any CPU = Release|Any CPU
	EndGlobalSection
	GlobalSection(ProjectConfigurationPlatforms) = postSolution
		{00EF289A-3F16-4702-872B-2E350B81138C}.Debug|Any CPU.ActiveCfg = Debug|Any CPU
		{00EF289A-3F16-4702-872B-2E350B81138C}.Debug|Any CPU.Build.0 = Debug|Any CPU
		{00EF289A-3F16-4702-872B-2E350B81138C}.Release|Any CPU.ActiveCfg = Release|Any CPU
		{00EF289A-3F16-4702-872B-2E350B81138C}.Release|Any CPU.Build.0 = Release|Any CPU
		{D81CE874-7A01-4202-BBD1-FAE2F4745776}.Debug|Any CPU.ActiveCfg = Debug|Any CPU
		{D81CE874-7A01-4202-BBD1-FAE2F4745776}.Debug|Any CPU.Build.0 = Debug|Any CPU
		{D81CE874-7A01-4202-BBD1-FAE2F4745776}.Release|Any CPU.ActiveCfg = Release|Any CPU
		{D81CE874-7A01-4202-BBD1-FAE2F4745776}.Release|Any CPU.Build.0 = Release|Any CPU
		{BCB19B74-BFCE-4ECE-9462-AF5726ABE723}.Debug|Any CPU.ActiveCfg = Debug|Any CPU
		{BCB19B74-BFCE-4ECE-9462-AF5726ABE723}.Debug|Any CPU.Build.0 = Debug|Any CPU
		{BCB19B74-BFCE-4ECE-9462-AF5726ABE723}.Release|Any CPU.ActiveCfg = Release|Any CPU
		{BCB19B74-BFCE-4ECE-9462-AF5726ABE723}.Release|Any CPU.Build.0 = Release|Any CPU
	EndGlobalSection
	GlobalSection(SolutionProperties) = preSolution
		HideSolutionNode = FALSE
	EndGlobalSection
	GlobalSection(ExtensibilityGlobals) = postSolution
		SolutionGuid = {795A32ED-C165-4015-93FC-61346BF907B6}
	EndGlobalSection
EndGlobal
